
Microsoft Visual Studio Solution File, Format Version 12.00
# Visual Studio Version 16
VisualStudioVersion = 16.0.28729.10
MinimumVisualStudioVersion = 10.0.40219.1
Project("{9A19103F-16F7-4668-BE54-9A1E7A4F7556}") = "Newinfosoft.Historytd.Entity", "Newinfosoft.Historytd.Entity\Newinfosoft.Historytd.Entity.csproj", "{A0D3B556-91B0-4A56-9236-D3A70AB40085}"
EndProject
Project("{FAE04EC0-301F-11D3-BF4B-00C04F79EFBC}") = "Newinfosoft.Historytd.Repository", "Newinfosoft.Historytd.Repository\Newinfosoft.Historytd.Repository.csproj", "{004C4726-C8B4-44B9-8F96-2B7F97064937}"
EndProject
Project("{FAE04EC0-301F-11D3-BF4B-00C04F79EFBC}") = "WebApp", "WebApp\WebApp.csproj", "{08A23E3A-07F3-4B89-8737-814CFC7FBD97}"
EndProject
Global
	GlobalSection(SolutionConfigurationPlatforms) = preSolution
		Debug|Any CPU = Debug|Any CPU
		Release|Any CPU = Release|Any CPU
	EndGlobalSection
	GlobalSection(ProjectConfigurationPlatforms) = postSolution
		{A0D3B556-91B0-4A56-9236-D3A70AB40085}.Debug|Any CPU.ActiveCfg = Debug|Any CPU
		{A0D3B556-91B0-4A56-9236-D3A70AB40085}.Debug|Any CPU.Build.0 = Debug|Any CPU
		{A0D3B556-91B0-4A56-9236-D3A70AB40085}.Release|Any CPU.ActiveCfg = Release|Any CPU
		{A0D3B556-91B0-4A56-9236-D3A70AB40085}.Release|Any CPU.Build.0 = Release|Any CPU
		{004C4726-C8B4-44B9-8F96-2B7F97064937}.Debug|Any CPU.ActiveCfg = Debug|Any CPU
		{004C4726-C8B4-44B9-8F96-2B7F97064937}.Debug|Any CPU.Build.0 = Debug|Any CPU
		{004C4726-C8B4-44B9-8F96-2B7F97064937}.Release|Any CPU.ActiveCfg = Release|Any CPU
		{004C4726-C8B4-44B9-8F96-2B7F97064937}.Release|Any CPU.Build.0 = Release|Any CPU
		{08A23E3A-07F3-4B89-8737-814CFC7FBD97}.Debug|Any CPU.ActiveCfg = Debug|Any CPU
		{08A23E3A-07F3-4B89-8737-814CFC7FBD97}.Debug|Any CPU.Build.0 = Debug|Any CPU
		{08A23E3A-07F3-4B89-8737-814CFC7FBD97}.Release|Any CPU.ActiveCfg = Release|Any CPU
		{08A23E3A-07F3-4B89-8737-814CFC7FBD97}.Release|Any CPU.Build.0 = Release|Any CPU
	EndGlobalSection
	GlobalSection(SolutionProperties) = preSolution
		HideSolutionNode = FALSE
	EndGlobalSection
	GlobalSection(ExtensibilityGlobals) = postSolution
		SolutionGuid = {7416D63F-635C-427A-A60E-3385B646F0A2}
	EndGlobalSection
EndGlobal
